
Microsoft Visual Studio Solution File, Format Version 10.00
# Visual Studio 2008
Project("{8BC9CEB8-8B4A-11D0-8D11-00A0C91BC942}") = "presto", "presto.vcproj", "{7216C55A-2127-4A1B-BAE0-2C03D3897176}"
	ProjectSection(ProjectDependencies) = postProject
		{0DA1C207-E10C-4FBA-B960-6A704D5C7D7E} = {0DA1C207-E10C-4FBA-B960-6A704D5C7D7E}
	EndProjectSection
EndProject
Project("{8BC9CEB8-8B4A-11D0-8D11-00A0C91BC942}") = "lua", "lua\lua.vcproj", "{0DA1C207-E10C-4FBA-B960-6A704D5C7D7E}"
EndProject
Global
	GlobalSection(SolutionConfigurationPlatforms) = preSolution
		Debug|Win32 = Debug|Win32
		Release|Win32 = Release|Win32
	EndGlobalSection
	GlobalSection(ProjectConfigurationPlatforms) = postSolution
		{7216C55A-2127-4A1B-BAE0-2C03D3897176}.Debug|Win32.ActiveCfg = Debug|Win32
		{7216C55A-2127-4A1B-BAE0-2C03D3897176}.Debug|Win32.Build.0 = Debug|Win32
		{7216C55A-2127-4A1B-BAE0-2C03D3897176}.Release|Win32.ActiveCfg = Release|Win32
		{7216C55A-2127-4A1B-BAE0-2C03D3897176}.Release|Win32.Build.0 = Release|Win32
		{0DA1C207-E10C-4FBA-B960-6A704D5C7D7E}.Debug|Win32.ActiveCfg = Debug|Win32
		{0DA1C207-E10C-4FBA-B960-6A704D5C7D7E}.Debug|Win32.Build.0 = Debug|Win32
		{0DA1C207-E10C-4FBA-B960-6A704D5C7D7E}.Release|Win32.ActiveCfg = Release|Win32
		{0DA1C207-E10C-4FBA-B960-6A704D5C7D7E}.Release|Win32.Build.0 = Release|Win32
	EndGlobalSection
	GlobalSection(SolutionProperties) = preSolution
		HideSolutionNode = FALSE
	EndGlobalSection
EndGlobal
